
Microsoft Visual Studio Solution File, Format Version 12.00
# Visual Studio Version 16
VisualStudioVersion = 16.0.30503.244
MinimumVisualStudioVersion = 10.0.40219.1
Project("{FAE04EC0-301F-11D3-BF4B-00C04F79EFBC}") = "alar.DAL", "alar.DAL\alar.DAL.csproj", "{25DA0A30-C231-4DDE-BC37-6722A84B8DB4}"
EndProject
Project("{FAE04EC0-301F-11D3-BF4B-00C04F79EFBC}") = "alar.BLL", "alar.BLL\alar.BLL.csproj", "{C5382727-4C83-4150-A5BB-47B56DFA7B85}"
EndProject
Project("{FAE04EC0-301F-11D3-BF4B-00C04F79EFBC}") = "alar.WepApi", "alar.WepApi\alar.WepApi.csproj", "{8B0A6847-4B0F-45FD-A613-26C59E59A0E8}"
EndProject
Project("{FAE04EC0-301F-11D3-BF4B-00C04F79EFBC}") = "alar.Presentation", "alar.Presentation\alar.Presentation.csproj", "{CE372657-C28E-4B58-88EF-560C4A7236BE}"
EndProject
Global
	GlobalSection(SolutionConfigurationPlatforms) = preSolution
		Debug|Any CPU = Debug|Any CPU
		Release|Any CPU = Release|Any CPU
	EndGlobalSection
	GlobalSection(ProjectConfigurationPlatforms) = postSolution
		{25DA0A30-C231-4DDE-BC37-6722A84B8DB4}.Debug|Any CPU.ActiveCfg = Debug|Any CPU
		{25DA0A30-C231-4DDE-BC37-6722A84B8DB4}.Debug|Any CPU.Build.0 = Debug|Any CPU
		{25DA0A30-C231-4DDE-BC37-6722A84B8DB4}.Release|Any CPU.ActiveCfg = Release|Any CPU
		{25DA0A30-C231-4DDE-BC37-6722A84B8DB4}.Release|Any CPU.Build.0 = Release|Any CPU
		{C5382727-4C83-4150-A5BB-47B56DFA7B85}.Debug|Any CPU.ActiveCfg = Debug|Any CPU
		{C5382727-4C83-4150-A5BB-47B56DFA7B85}.Debug|Any CPU.Build.0 = Debug|Any CPU
		{C5382727-4C83-4150-A5BB-47B56DFA7B85}.Release|Any CPU.ActiveCfg = Release|Any CPU
		{C5382727-4C83-4150-A5BB-47B56DFA7B85}.Release|Any CPU.Build.0 = Release|Any CPU
		{8B0A6847-4B0F-45FD-A613-26C59E59A0E8}.Debug|Any CPU.ActiveCfg = Debug|Any CPU
		{8B0A6847-4B0F-45FD-A613-26C59E59A0E8}.Debug|Any CPU.Build.0 = Debug|Any CPU
		{8B0A6847-4B0F-45FD-A613-26C59E59A0E8}.Release|Any CPU.ActiveCfg = Release|Any CPU
		{8B0A6847-4B0F-45FD-A613-26C59E59A0E8}.Release|Any CPU.Build.0 = Release|Any CPU
		{CE372657-C28E-4B58-88EF-560C4A7236BE}.Debug|Any CPU.ActiveCfg = Debug|Any CPU
		{CE372657-C28E-4B58-88EF-560C4A7236BE}.Debug|Any CPU.Build.0 = Debug|Any CPU
		{CE372657-C28E-4B58-88EF-560C4A7236BE}.Release|Any CPU.ActiveCfg = Release|Any CPU
		{CE372657-C28E-4B58-88EF-560C4A7236BE}.Release|Any CPU.Build.0 = Release|Any CPU
	EndGlobalSection
	GlobalSection(SolutionProperties) = preSolution
		HideSolutionNode = FALSE
	EndGlobalSection
	GlobalSection(ExtensibilityGlobals) = postSolution
		SolutionGuid = {E473AAE5-BFC1-412D-BB9E-812D5B6FFB66}
	EndGlobalSection
EndGlobal
